
Microsoft Visual Studio Solution File, Format Version 12.00
# Visual Studio Version 17
VisualStudioVersion = 17.4.33205.214
MinimumVisualStudioVersion = 10.0.40219.1
Project("{FAE04EC0-301F-11D3-BF4B-00C04F79EFBC}") = "_Dictionary", "_Dictionary\_Dictionary.csproj", "{F54A2B6D-9430-4FA6-97A2-5167A3F6D180}"
EndProject
Global
	GlobalSection(SolutionConfigurationPlatforms) = preSolution
		Debug|Any CPU = Debug|Any CPU
		Release|Any CPU = Release|Any CPU
	EndGlobalSection
	GlobalSection(ProjectConfigurationPlatforms) = postSolution
		{F54A2B6D-9430-4FA6-97A2-5167A3F6D180}.Debug|Any CPU.ActiveCfg = Debug|Any CPU
		{F54A2B6D-9430-4FA6-97A2-5167A3F6D180}.Debug|Any CPU.Build.0 = Debug|Any CPU
		{F54A2B6D-9430-4FA6-97A2-5167A3F6D180}.Release|Any CPU.ActiveCfg = Release|Any CPU
		{F54A2B6D-9430-4FA6-97A2-5167A3F6D180}.Release|Any CPU.Build.0 = Release|Any CPU
	EndGlobalSection
	GlobalSection(SolutionProperties) = preSolution
		HideSolutionNode = FALSE
	EndGlobalSection
	GlobalSection(ExtensibilityGlobals) = postSolution
		SolutionGuid = {7B1E8712-639A-4BFB-869A-D04DFAEB1EFB}
	EndGlobalSection
EndGlobal
